// !$*UTF8*$!
{
	archiveVersion = 1;
	classes = {
	};
	objectVersion = 46;
	objects = {

/* Begin PBXBuildFile section */
		082322630CE343DD91AA99C4 /* libPods.a in Frameworks */ = {isa = PBXBuildFile; fileRef = 4B03F555F90C4A38B17CA65E /* libPods.a */; };
		8488C92A19469D8C0067D6FA /* icon_about.png in Resources */ = {isa = PBXBuildFile; fileRef = 8488C91619469D8B0067D6FA /* icon_about.png */; };
		8488C92B19469D8C0067D6FA /* icon_about@2x.png in Resources */ = {isa = PBXBuildFile; fileRef = 8488C91719469D8B0067D6FA /* icon_about@2x.png */; };
		8488C92C19469D8C0067D6FA /* icon_feedback.png in Resources */ = {isa = PBXBuildFile; fileRef = 8488C91819469D8B0067D6FA /* icon_feedback.png */; };
		8488C92D19469D8C0067D6FA /* icon_feedback@2x.png in Resources */ = {isa = PBXBuildFile; fileRef = 8488C91919469D8B0067D6FA /* icon_feedback@2x.png */; };
		8488C92E19469D8C0067D6FA /* icon_logout.png in Resources */ = {isa = PBXBuildFile; fileRef = 8488C91A19469D8B0067D6FA /* icon_logout.png */; };
		8488C92F19469D8C0067D6FA /* icon_logout@2x.png in Resources */ = {isa = PBXBuildFile; fileRef = 8488C91B19469D8B0067D6FA /* icon_logout@2x.png */; };
		8488C93019469D8C0067D6FA /* icon_setting.png in Resources */ = {isa = PBXBuildFile; fileRef = 8488C91C19469D8B0067D6FA /* icon_setting.png */; };
		8488C93119469D8C0067D6FA /* icon_setting@2x.png in Resources */ = {isa = PBXBuildFile; fileRef = 8488C91D19469D8B0067D6FA /* icon_setting@2x.png */; };
		8488C93219469D8C0067D6FA /* icon_update.png in Resources */ = {isa = PBXBuildFile; fileRef = 8488C91E19469D8B0067D6FA /* icon_update.png */; };
		8488C93319469D8C0067D6FA /* icon_update@2x.png in Resources */ = {isa = PBXBuildFile; fileRef = 8488C91F19469D8B0067D6FA /* icon_update@2x.png */; };
		8488C93419469D8C0067D6FA /* msglist_face.png in Resources */ = {isa = PBXBuildFile; fileRef = 8488C92019469D8B0067D6FA /* msglist_face.png */; };
		8488C93519469D8C0067D6FA /* msglist_face@2x.png in Resources */ = {isa = PBXBuildFile; fileRef = 8488C92119469D8B0067D6FA /* msglist_face@2x.png */; };
		8488C93619469D8C0067D6FA /* msglist_tab_arrow.png in Resources */ = {isa = PBXBuildFile; fileRef = 8488C92219469D8B0067D6FA /* msglist_tab_arrow.png */; };
		8488C93719469D8C0067D6FA /* msglist_tab_arrow@2x.png in Resources */ = {isa = PBXBuildFile; fileRef = 8488C92319469D8B0067D6FA /* msglist_tab_arrow@2x.png */; };
		8488C93819469D8C0067D6FA /* msglist_tab1.png in Resources */ = {isa = PBXBuildFile; fileRef = 8488C92419469D8B0067D6FA /* msglist_tab1.png */; };
		8488C93919469D8C0067D6FA /* msglist_tab1@2x.png in Resources */ = {isa = PBXBuildFile; fileRef = 8488C92519469D8B0067D6FA /* msglist_tab1@2x.png */; };
		8488C93A19469D8C0067D6FA /* msglist_tab2.png in Resources */ = {isa = PBXBuildFile; fileRef = 8488C92619469D8B0067D6FA /* msglist_tab2.png */; };
		8488C93B19469D8C0067D6FA /* msglist_tab2@2x.png in Resources */ = {isa = PBXBuildFile; fileRef = 8488C92719469D8B0067D6FA /* msglist_tab2@2x.png */; };
		8488C93C19469D8C0067D6FA /* photo_mask.png in Resources */ = {isa = PBXBuildFile; fileRef = 8488C92819469D8B0067D6FA /* photo_mask.png */; };
		8488C93D19469D8C0067D6FA /* photo_mask@2x.png in Resources */ = {isa = PBXBuildFile; fileRef = 8488C92919469D8B0067D6FA /* photo_mask@2x.png */; };
		849C0E06193CD0420005F83D /* Foundation.framework in Frameworks */ = {isa = PBXBuildFile; fileRef = 849C0E05193CD0420005F83D /* Foundation.framework */; };
		849C0E08193CD0420005F83D /* CoreGraphics.framework in Frameworks */ = {isa = PBXBuildFile; fileRef = 849C0E07193CD0420005F83D /* CoreGraphics.framework */; };
		849C0E0A193CD0420005F83D /* UIKit.framework in Frameworks */ = {isa = PBXBuildFile; fileRef = 849C0E09193CD0420005F83D /* UIKit.framework */; };
		849C0E10193CD0420005F83D /* InfoPlist.strings in Resources */ = {isa = PBXBuildFile; fileRef = 849C0E0E193CD0420005F83D /* InfoPlist.strings */; };
		849C0E12193CD0420005F83D /* main.m in Sources */ = {isa = PBXBuildFile; fileRef = 849C0E11193CD0420005F83D /* main.m */; };
		849C0E16193CD0420005F83D /* AppDelegate.m in Sources */ = {isa = PBXBuildFile; fileRef = 849C0E15193CD0420005F83D /* AppDelegate.m */; };
		849C0E19193CD0420005F83D /* Main.storyboard in Resources */ = {isa = PBXBuildFile; fileRef = 849C0E17193CD0420005F83D /* Main.storyboard */; };
		849C0E1C193CD0420005F83D /* ViewController.m in Sources */ = {isa = PBXBuildFile; fileRef = 849C0E1B193CD0420005F83D /* ViewController.m */; };
		849C0E1E193CD0420005F83D /* Images.xcassets in Resources */ = {isa = PBXBuildFile; fileRef = 849C0E1D193CD0420005F83D /* Images.xcassets */; };
		849C0E25193CD0420005F83D /* XCTest.framework in Frameworks */ = {isa = PBXBuildFile; fileRef = 849C0E24193CD0420005F83D /* XCTest.framework */; };
		849C0E26193CD0420005F83D /* Foundation.framework in Frameworks */ = {isa = PBXBuildFile; fileRef = 849C0E05193CD0420005F83D /* Foundation.framework */; };
		849C0E27193CD0420005F83D /* UIKit.framework in Frameworks */ = {isa = PBXBuildFile; fileRef = 849C0E09193CD0420005F83D /* UIKit.framework */; };
		849C0E2F193CD0420005F83D /* InfoPlist.strings in Resources */ = {isa = PBXBuildFile; fileRef = 849C0E2D193CD0420005F83D /* InfoPlist.strings */; };
		849C0E31193CD0420005F83D /* IBeaconTests.m in Sources */ = {isa = PBXBuildFile; fileRef = 849C0E30193CD0420005F83D /* IBeaconTests.m */; };
		FA12C14619498F6700618C12 /* icon.png in Resources */ = {isa = PBXBuildFile; fileRef = FA12C14519498F6700618C12 /* icon.png */; };
		FA12C1491949A76400618C12 /* SingleDataManager.m in Sources */ = {isa = PBXBuildFile; fileRef = FA12C1481949A76400618C12 /* SingleDataManager.m */; };
		FA3A3BAF1949492C009EAF33 /* firstArrow.png in Resources */ = {isa = PBXBuildFile; fileRef = FA3A3BAD1949492C009EAF33 /* firstArrow.png */; };
		FA3A3BB01949492C009EAF33 /* secondArrow.png in Resources */ = {isa = PBXBuildFile; fileRef = FA3A3BAE1949492C009EAF33 /* secondArrow.png */; };
		FA3A3BB2194951EC009EAF33 /* swift.png in Resources */ = {isa = PBXBuildFile; fileRef = FA3A3BB1194951EC009EAF33 /* swift.png */; };
		FA8D04FD19414D9600E91D7D /* CoreLocation.framework in Frameworks */ = {isa = PBXBuildFile; fileRef = FA8D04FC19414D9600E91D7D /* CoreLocation.framework */; };
		FA8D04FF19414DA900E91D7D /* CoreBluetooth.framework in Frameworks */ = {isa = PBXBuildFile; fileRef = FA8D04FE19414DA900E91D7D /* CoreBluetooth.framework */; };
		FA8D05091941600400E91D7D /* NSString_RegEx.m in Sources */ = {isa = PBXBuildFile; fileRef = FA8D05061941600400E91D7D /* NSString_RegEx.m */; };
		FA8D050A1941600400E91D7D /* SQC_StringUtility.m in Sources */ = {isa = PBXBuildFile; fileRef = FA8D05081941600400E91D7D /* SQC_StringUtility.m */; };
		FA8D05231943586E00E91D7D /* btn_down_normal.png in Resources */ = {isa = PBXBuildFile; fileRef = FA8D050B1943586E00E91D7D /* btn_down_normal.png */; };
		FA8D05241943586E00E91D7D /* btn_down_normal@2x.png in Resources */ = {isa = PBXBuildFile; fileRef = FA8D050C1943586E00E91D7D /* btn_down_normal@2x.png */; };
		FA8D05251943586E00E91D7D /* btn_down_pressed.png in Resources */ = {isa = PBXBuildFile; fileRef = FA8D050D1943586E00E91D7D /* btn_down_pressed.png */; };
		FA8D05261943586E00E91D7D /* btn_down_pressed@2x.png in Resources */ = {isa = PBXBuildFile; fileRef = FA8D050E1943586E00E91D7D /* btn_down_pressed@2x.png */; };
		FA8D05271943586E00E91D7D /* btn_favorite_normal.png in Resources */ = {isa = PBXBuildFile; fileRef = FA8D050F1943586E00E91D7D /* btn_favorite_normal.png */; };
		FA8D05281943586E00E91D7D /* btn_favorite_normal@2x.png in Resources */ = {isa = PBXBuildFile; fileRef = FA8D05101943586E00E91D7D /* btn_favorite_normal@2x.png */; };
		FA8D05291943586E00E91D7D /* btn_favorite_pressed.png in Resources */ = {isa = PBXBuildFile; fileRef = FA8D05111943586E00E91D7D /* btn_favorite_pressed.png */; };
		FA8D052A1943586E00E91D7D /* btn_favorite_pressed@2x.png in Resources */ = {isa = PBXBuildFile; fileRef = FA8D05121943586E00E91D7D /* btn_favorite_pressed@2x.png */; };
		FA8D052B1943586E00E91D7D /* btn_msglist_normal.png in Resources */ = {isa = PBXBuildFile; fileRef = FA8D05131943586E00E91D7D /* btn_msglist_normal.png */; };
		FA8D052C1943586E00E91D7D /* btn_msglist_normal@2x.png in Resources */ = {isa = PBXBuildFile; fileRef = FA8D05141943586E00E91D7D /* btn_msglist_normal@2x.png */; };
		FA8D052D1943586E00E91D7D /* btn_msglist_pressed.png in Resources */ = {isa = PBXBuildFile; fileRef = FA8D05151943586E00E91D7D /* btn_msglist_pressed.png */; };
		FA8D052E1943586E00E91D7D /* btn_msglist_pressed@2x.png in Resources */ = {isa = PBXBuildFile; fileRef = FA8D05161943586E00E91D7D /* btn_msglist_pressed@2x.png */; };
		FA8D052F1943586E00E91D7D /* btn_setting_normal.png in Resources */ = {isa = PBXBuildFile; fileRef = FA8D05171943586E00E91D7D /* btn_setting_normal.png */; };
		FA8D05301943586E00E91D7D /* btn_setting_normal@2x.png in Resources */ = {isa = PBXBuildFile; fileRef = FA8D05181943586E00E91D7D /* btn_setting_normal@2x.png */; };
		FA8D05311943586E00E91D7D /* btn_setting_pressed.png in Resources */ = {isa = PBXBuildFile; fileRef = FA8D05191943586E00E91D7D /* btn_setting_pressed.png */; };
		FA8D05321943586E00E91D7D /* btn_setting_pressed@2x.png in Resources */ = {isa = PBXBuildFile; fileRef = FA8D051A1943586E00E91D7D /* btn_setting_pressed@2x.png */; };
		FA8D05331943586E00E91D7D /* main_background.png in Resources */ = {isa = PBXBuildFile; fileRef = FA8D051B1943586E00E91D7D /* main_background.png */; };
		FA8D05341943586E00E91D7D /* main_background@2x.png in Resources */ = {isa = PBXBuildFile; fileRef = FA8D051C1943586E00E91D7D /* main_background@2x.png */; };
		FA8D05351943586E00E91D7D /* main_circle.png in Resources */ = {isa = PBXBuildFile; fileRef = FA8D051D1943586E00E91D7D /* main_circle.png */; };
		FA8D05361943586E00E91D7D /* main_circle@2x.png in Resources */ = {isa = PBXBuildFile; fileRef = FA8D051E1943586E00E91D7D /* main_circle@2x.png */; };
		FA8D05371943586E00E91D7D /* main_logo.png in Resources */ = {isa = PBXBuildFile; fileRef = FA8D051F1943586E00E91D7D /* main_logo.png */; };
		FA8D05381943586E00E91D7D /* main_logo@2x.png in Resources */ = {isa = PBXBuildFile; fileRef = FA8D05201943586E00E91D7D /* main_logo@2x.png */; };
		FA8D05391943586E00E91D7D /* revolve.png in Resources */ = {isa = PBXBuildFile; fileRef = FA8D05211943586E00E91D7D /* revolve.png */; };
		FA8D053A1943586E00E91D7D /* revolve@2x.png in Resources */ = {isa = PBXBuildFile; fileRef = FA8D05221943586E00E91D7D /* revolve@2x.png */; };
		FA8D05421945884F00E91D7D /* StoreListCell.m in Sources */ = {isa = PBXBuildFile; fileRef = FA8D05401945884F00E91D7D /* StoreListCell.m */; };
		FA8D05431945884F00E91D7D /* StoreListCell.xib in Resources */ = {isa = PBXBuildFile; fileRef = FA8D05411945884F00E91D7D /* StoreListCell.xib */; };
		FA8D05461945886E00E91D7D /* StoreListView.m in Sources */ = {isa = PBXBuildFile; fileRef = FA8D05451945886E00E91D7D /* StoreListView.m */; };
		FAC559D419502AC600A68998 /* UserModel.m in Sources */ = {isa = PBXBuildFile; fileRef = FAC559D319502AC600A68998 /* UserModel.m */; };
		FAC559D91950344900A68998 /* LoginViewController.m in Sources */ = {isa = PBXBuildFile; fileRef = FAC559D81950344900A68998 /* LoginViewController.m */; };
		FAC559DC1950347400A68998 /* SignUpViewController.m in Sources */ = {isa = PBXBuildFile; fileRef = FAC559DB1950347400A68998 /* SignUpViewController.m */; };
		FAC99065193EC58E0009263E /* loadding.png in Resources */ = {isa = PBXBuildFile; fileRef = FAC99064193EC58E0009263E /* loadding.png */; };
		FAC9906B193ED2020009263E /* YZBIbeaconManager.m in Sources */ = {isa = PBXBuildFile; fileRef = FAC9906A193ED2020009263E /* YZBIbeaconManager.m */; };
		FAC9906F193F195B0009263E /* YZBAPI.m in Sources */ = {isa = PBXBuildFile; fileRef = FAC9906E193F195B0009263E /* YZBAPI.m */; };
		FAC99075193F1F680009263E /* StoreModel.m in Sources */ = {isa = PBXBuildFile; fileRef = FAC99074193F1F680009263E /* StoreModel.m */; };
		FAC99078193F7AEA0009263E /* YZBAPIHelper.m in Sources */ = {isa = PBXBuildFile; fileRef = FAC99077193F7AEA0009263E /* YZBAPIHelper.m */; };
		FAE74AB9193EB7E2004EE1F2 /* RWTSidebarViewController.m in Sources */ = {isa = PBXBuildFile; fileRef = FAE74AB8193EB7E2004EE1F2 /* RWTSidebarViewController.m */; };
		FAE74ABC193EB909004EE1F2 /* YZBMainViewController.m in Sources */ = {isa = PBXBuildFile; fileRef = FAE74ABB193EB909004EE1F2 /* YZBMainViewController.m */; };
		FAE74AC0193EB961004EE1F2 /* YZBMenuViewController.m in Sources */ = {isa = PBXBuildFile; fileRef = FAE74ABF193EB961004EE1F2 /* YZBMenuViewController.m */; };
		FAF47865194E8B3900560515 /* CoreData.framework in Frameworks */ = {isa = PBXBuildFile; fileRef = FAF47864194E8B3900560515 /* CoreData.framework */; };
/* End PBXBuildFile section */

/* Begin PBXContainerItemProxy section */
		849C0E28193CD0420005F83D /* PBXContainerItemProxy */ = {
			isa = PBXContainerItemProxy;
			containerPortal = 849C0DFA193CD0420005F83D /* Project object */;
			proxyType = 1;
			remoteGlobalIDString = 849C0E01193CD0420005F83D;
			remoteInfo = IBeacon;
		};
/* End PBXContainerItemProxy section */

/* Begin PBXFileReference section */
		4B03F555F90C4A38B17CA65E /* libPods.a */ = {isa = PBXFileReference; explicitFileType = archive.ar; includeInIndex = 0; path = libPods.a; sourceTree = BUILT_PRODUCTS_DIR; };
		8488C91619469D8B0067D6FA /* icon_about.png */ = {isa = PBXFileReference; lastKnownFileType = image.png; path = icon_about.png; sourceTree = "<group>"; };
		8488C91719469D8B0067D6FA /* icon_about@2x.png */ = {isa = PBXFileReference; lastKnownFileType = image.png; path = "icon_about@2x.png"; sourceTree = "<group>"; };
		8488C91819469D8B0067D6FA /* icon_feedback.png */ = {isa = PBXFileReference; lastKnownFileType = image.png; path = icon_feedback.png; sourceTree = "<group>"; };
		8488C91919469D8B0067D6FA /* icon_feedback@2x.png */ = {isa = PBXFileReference; lastKnownFileType = image.png; path = "icon_feedback@2x.png"; sourceTree = "<group>"; };
		8488C91A19469D8B0067D6FA /* icon_logout.png */ = {isa = PBXFileReference; lastKnownFileType = image.png; path = icon_logout.png; sourceTree = "<group>"; };
		8488C91B19469D8B0067D6FA /* icon_logout@2x.png */ = {isa = PBXFileReference; lastKnownFileType = image.png; path = "icon_logout@2x.png"; sourceTree = "<group>"; };
		8488C91C19469D8B0067D6FA /* icon_setting.png */ = {isa = PBXFileReference; lastKnownFileType = image.png; path = icon_setting.png; sourceTree = "<group>"; };
		8488C91D19469D8B0067D6FA /* icon_setting@2x.png */ = {isa = PBXFileReference; lastKnownFileType = image.png; path = "icon_setting@2x.png"; sourceTree = "<group>"; };
		8488C91E19469D8B0067D6FA /* icon_update.png */ = {isa = PBXFileReference; lastKnownFileType = image.png; path = icon_update.png; sourceTree = "<group>"; };
		8488C91F19469D8B0067D6FA /* icon_update@2x.png */ = {isa = PBXFileReference; lastKnownFileType = image.png; path = "icon_update@2x.png"; sourceTree = "<group>"; };
		8488C92019469D8B0067D6FA /* msglist_face.png */ = {isa = PBXFileReference; lastKnownFileType = image.png; path = msglist_face.png; sourceTree = "<group>"; };
		8488C92119469D8B0067D6FA /* msglist_face@2x.png */ = {isa = PBXFileReference; lastKnownFileType = image.png; path = "msglist_face@2x.png"; sourceTree = "<group>"; };
		8488C92219469D8B0067D6FA /* msglist_tab_arrow.png */ = {isa = PBXFileReference; lastKnownFileType = image.png; path = msglist_tab_arrow.png; sourceTree = "<group>"; };
		8488C92319469D8B0067D6FA /* msglist_tab_arrow@2x.png */ = {isa = PBXFileReference; lastKnownFileType = image.png; path = "msglist_tab_arrow@2x.png"; sourceTree = "<group>"; };
		8488C92419469D8B0067D6FA /* msglist_tab1.png */ = {isa = PBXFileReference; lastKnownFileType = image.png; path = msglist_tab1.png; sourceTree = "<group>"; };
		8488C92519469D8B0067D6FA /* msglist_tab1@2x.png */ = {isa = PBXFileReference; lastKnownFileType = image.png; path = "msglist_tab1@2x.png"; sourceTree = "<group>"; };
		8488C92619469D8B0067D6FA /* msglist_tab2.png */ = {isa = PBXFileReference; lastKnownFileType = image.png; path = msglist_tab2.png; sourceTree = "<group>"; };
		8488C92719469D8B0067D6FA /* msglist_tab2@2x.png */ = {isa = PBXFileReference; lastKnownFileType = image.png; path = "msglist_tab2@2x.png"; sourceTree = "<group>"; };
		8488C92819469D8B0067D6FA /* photo_mask.png */ = {isa = PBXFileReference; lastKnownFileType = image.png; path = photo_mask.png; sourceTree = "<group>"; };
		8488C92919469D8B0067D6FA /* photo_mask@2x.png */ = {isa = PBXFileReference; lastKnownFileType = image.png; path = "photo_mask@2x.png"; sourceTree = "<group>"; };
		849C0E02193CD0420005F83D /* IBeacon.app */ = {isa = PBXFileReference; explicitFileType = wrapper.application; includeInIndex = 0; path = IBeacon.app; sourceTree = BUILT_PRODUCTS_DIR; };
		849C0E05193CD0420005F83D /* Foundation.framework */ = {isa = PBXFileReference; lastKnownFileType = wrapper.framework; name = Foundation.framework; path = System/Library/Frameworks/Foundation.framework; sourceTree = SDKROOT; };
		849C0E07193CD0420005F83D /* CoreGraphics.framework */ = {isa = PBXFileReference; lastKnownFileType = wrapper.framework; name = CoreGraphics.framework; path = System/Library/Frameworks/CoreGraphics.framework; sourceTree = SDKROOT; };
		849C0E09193CD0420005F83D /* UIKit.framework */ = {isa = PBXFileReference; lastKnownFileType = wrapper.framework; name = UIKit.framework; path = System/Library/Frameworks/UIKit.framework; sourceTree = SDKROOT; };
		849C0E0D193CD0420005F83D /* IBeacon-Info.plist */ = {isa = PBXFileReference; lastKnownFileType = text.plist.xml; path = "IBeacon-Info.plist"; sourceTree = "<group>"; };
		849C0E0F193CD0420005F83D /* en */ = {isa = PBXFileReference; lastKnownFileType = text.plist.strings; name = en; path = en.lproj/InfoPlist.strings; sourceTree = "<group>"; };
		849C0E11193CD0420005F83D /* main.m */ = {isa = PBXFileReference; lastKnownFileType = sourcecode.c.objc; path = main.m; sourceTree = "<group>"; };
		849C0E13193CD0420005F83D /* IBeacon-Prefix.pch */ = {isa = PBXFileReference; lastKnownFileType = sourcecode.c.h; path = "IBeacon-Prefix.pch"; sourceTree = "<group>"; };
		849C0E14193CD0420005F83D /* AppDelegate.h */ = {isa = PBXFileReference; lastKnownFileType = sourcecode.c.h; path = AppDelegate.h; sourceTree = "<group>"; };
		849C0E15193CD0420005F83D /* AppDelegate.m */ = {isa = PBXFileReference; lastKnownFileType = sourcecode.c.objc; path = AppDelegate.m; sourceTree = "<group>"; };
		849C0E18193CD0420005F83D /* Base */ = {isa = PBXFileReference; lastKnownFileType = file.storyboard; name = Base; path = Base.lproj/Main.storyboard; sourceTree = "<group>"; };
		849C0E1A193CD0420005F83D /* ViewController.h */ = {isa = PBXFileReference; lastKnownFileType = sourcecode.c.h; path = ViewController.h; sourceTree = "<group>"; };
		849C0E1B193CD0420005F83D /* ViewController.m */ = {isa = PBXFileReference; lastKnownFileType = sourcecode.c.objc; path = ViewController.m; sourceTree = "<group>"; };
		849C0E1D193CD0420005F83D /* Images.xcassets */ = {isa = PBXFileReference; lastKnownFileType = folder.assetcatalog; path = Images.xcassets; sourceTree = "<group>"; };
		849C0E23193CD0420005F83D /* IBeaconTests.xctest */ = {isa = PBXFileReference; explicitFileType = wrapper.cfbundle; includeInIndex = 0; path = IBeaconTests.xctest; sourceTree = BUILT_PRODUCTS_DIR; };
		849C0E24193CD0420005F83D /* XCTest.framework */ = {isa = PBXFileReference; lastKnownFileType = wrapper.framework; name = XCTest.framework; path = Library/Frameworks/XCTest.framework; sourceTree = DEVELOPER_DIR; };
		849C0E2C193CD0420005F83D /* IBeaconTests-Info.plist */ = {isa = PBXFileReference; lastKnownFileType = text.plist.xml; path = "IBeaconTests-Info.plist"; sourceTree = "<group>"; };
		849C0E2E193CD0420005F83D /* en */ = {isa = PBXFileReference; lastKnownFileType = text.plist.strings; name = en; path = en.lproj/InfoPlist.strings; sourceTree = "<group>"; };
		849C0E30193CD0420005F83D /* IBeaconTests.m */ = {isa = PBXFileReference; lastKnownFileType = sourcecode.c.objc; path = IBeaconTests.m; sourceTree = "<group>"; };
		FA12C14519498F6700618C12 /* icon.png */ = {isa = PBXFileReference; lastKnownFileType = image.png; path = icon.png; sourceTree = "<group>"; };
		FA12C1471949A76400618C12 /* SingleDataManager.h */ = {isa = PBXFileReference; fileEncoding = 4; lastKnownFileType = sourcecode.c.h; name = SingleDataManager.h; path = Model/SingleDataManager.h; sourceTree = "<group>"; };
		FA12C1481949A76400618C12 /* SingleDataManager.m */ = {isa = PBXFileReference; fileEncoding = 4; lastKnownFileType = sourcecode.c.objc; name = SingleDataManager.m; path = Model/SingleDataManager.m; sourceTree = "<group>"; };
		FA3A3BAD1949492C009EAF33 /* firstArrow.png */ = {isa = PBXFileReference; lastKnownFileType = image.png; path = firstArrow.png; sourceTree = "<group>"; };
		FA3A3BAE1949492C009EAF33 /* secondArrow.png */ = {isa = PBXFileReference; lastKnownFileType = image.png; path = secondArrow.png; sourceTree = "<group>"; };
		FA3A3BB1194951EC009EAF33 /* swift.png */ = {isa = PBXFileReference; lastKnownFileType = image.png; path = swift.png; sourceTree = "<group>"; };
		FA8D04FC19414D9600E91D7D /* CoreLocation.framework */ = {isa = PBXFileReference; lastKnownFileType = wrapper.framework; name = CoreLocation.framework; path = System/Library/Frameworks/CoreLocation.framework; sourceTree = SDKROOT; };
		FA8D04FE19414DA900E91D7D /* CoreBluetooth.framework */ = {isa = PBXFileReference; lastKnownFileType = wrapper.framework; name = CoreBluetooth.framework; path = System/Library/Frameworks/CoreBluetooth.framework; sourceTree = SDKROOT; };
		FA8D05051941600400E91D7D /* NSString_RegEx.h */ = {isa = PBXFileReference; fileEncoding = 4; lastKnownFileType = sourcecode.c.h; path = NSString_RegEx.h; sourceTree = "<group>"; };
		FA8D05061941600400E91D7D /* NSString_RegEx.m */ = {isa = PBXFileReference; fileEncoding = 4; lastKnownFileType = sourcecode.c.objc; path = NSString_RegEx.m; sourceTree = "<group>"; };
		FA8D05071941600400E91D7D /* SQC_StringUtility.h */ = {isa = PBXFileReference; fileEncoding = 4; lastKnownFileType = sourcecode.c.h; path = SQC_StringUtility.h; sourceTree = "<group>"; };
		FA8D05081941600400E91D7D /* SQC_StringUtility.m */ = {isa = PBXFileReference; fileEncoding = 4; lastKnownFileType = sourcecode.c.objc; path = SQC_StringUtility.m; sourceTree = "<group>"; };
		FA8D050B1943586E00E91D7D /* btn_down_normal.png */ = {isa = PBXFileReference; lastKnownFileType = image.png; path = btn_down_normal.png; sourceTree = "<group>"; };
		FA8D050C1943586E00E91D7D /* btn_down_normal@2x.png */ = {isa = PBXFileReference; lastKnownFileType = image.png; path = "btn_down_normal@2x.png"; sourceTree = "<group>"; };
		FA8D050D1943586E00E91D7D /* btn_down_pressed.png */ = {isa = PBXFileReference; lastKnownFileType = image.png; path = btn_down_pressed.png; sourceTree = "<group>"; };
		FA8D050E1943586E00E91D7D /* btn_down_pressed@2x.png */ = {isa = PBXFileReference; lastKnownFileType = image.png; path = "btn_down_pressed@2x.png"; sourceTree = "<group>"; };
		FA8D050F1943586E00E91D7D /* btn_favorite_normal.png */ = {isa = PBXFileReference; lastKnownFileType = image.png; path = btn_favorite_normal.png; sourceTree = "<group>"; };
		FA8D05101943586E00E91D7D /* btn_favorite_normal@2x.png */ = {isa = PBXFileReference; lastKnownFileType = image.png; path = "btn_favorite_normal@2x.png"; sourceTree = "<group>"; };
		FA8D05111943586E00E91D7D /* btn_favorite_pressed.png */ = {isa = PBXFileReference; lastKnownFileType = image.png; path = btn_favorite_pressed.png; sourceTree = "<group>"; };
		FA8D05121943586E00E91D7D /* btn_favorite_pressed@2x.png */ = {isa = PBXFileReference; lastKnownFileType = image.png; path = "btn_favorite_pressed@2x.png"; sourceTree = "<group>"; };
		FA8D05131943586E00E91D7D /* btn_msglist_normal.png */ = {isa = PBXFileReference; lastKnownFileType = image.png; path = btn_msglist_normal.png; sourceTree = "<group>"; };
		FA8D05141943586E00E91D7D /* btn_msglist_normal@2x.png */ = {isa = PBXFileReference; lastKnownFileType = image.png; path = "btn_msglist_normal@2x.png"; sourceTree = "<group>"; };
		FA8D05151943586E00E91D7D /* btn_msglist_pressed.png */ = {isa = PBXFileReference; lastKnownFileType = image.png; path = btn_msglist_pressed.png; sourceTree = "<group>"; };
		FA8D05161943586E00E91D7D /* btn_msglist_pressed@2x.png */ = {isa = PBXFileReference; lastKnownFileType = image.png; path = "btn_msglist_pressed@2x.png"; sourceTree = "<group>"; };
		FA8D05171943586E00E91D7D /* btn_setting_normal.png */ = {isa = PBXFileReference; lastKnownFileType = image.png; path = btn_setting_normal.png; sourceTree = "<group>"; };
		FA8D05181943586E00E91D7D /* btn_setting_normal@2x.png */ = {isa = PBXFileReference; lastKnownFileType = image.png; path = "btn_setting_normal@2x.png"; sourceTree = "<group>"; };
		FA8D05191943586E00E91D7D /* btn_setting_pressed.png */ = {isa = PBXFileReference; lastKnownFileType = image.png; path = btn_setting_pressed.png; sourceTree = "<group>"; };
		FA8D051A1943586E00E91D7D /* btn_setting_pressed@2x.png */ = {isa = PBXFileReference; lastKnownFileType = image.png; path = "btn_setting_pressed@2x.png"; sourceTree = "<group>"; };
		FA8D051B1943586E00E91D7D /* main_background.png */ = {isa = PBXFileReference; lastKnownFileType = image.png; path = main_background.png; sourceTree = "<group>"; };
		FA8D051C1943586E00E91D7D /* main_background@2x.png */ = {isa = PBXFileReference; lastKnownFileType = image.png; path = "main_background@2x.png"; sourceTree = "<group>"; };
		FA8D051D1943586E00E91D7D /* main_circle.png */ = {isa = PBXFileReference; lastKnownFileType = image.png; path = main_circle.png; sourceTree = "<group>"; };
		FA8D051E1943586E00E91D7D /* main_circle@2x.png */ = {isa = PBXFileReference; lastKnownFileType = image.png; path = "main_circle@2x.png"; sourceTree = "<group>"; };
		FA8D051F1943586E00E91D7D /* main_logo.png */ = {isa = PBXFileReference; lastKnownFileType = image.png; path = main_logo.png; sourceTree = "<group>"; };
		FA8D05201943586E00E91D7D /* main_logo@2x.png */ = {isa = PBXFileReference; lastKnownFileType = image.png; path = "main_logo@2x.png"; sourceTree = "<group>"; };
		FA8D05211943586E00E91D7D /* revolve.png */ = {isa = PBXFileReference; lastKnownFileType = image.png; path = revolve.png; sourceTree = "<group>"; };
		FA8D05221943586E00E91D7D /* revolve@2x.png */ = {isa = PBXFileReference; lastKnownFileType = image.png; path = "revolve@2x.png"; sourceTree = "<group>"; };
		FA8D053F1945884F00E91D7D /* StoreListCell.h */ = {isa = PBXFileReference; fileEncoding = 4; lastKnownFileType = sourcecode.c.h; name = StoreListCell.h; path = View/StoreListView/StoreListCell.h; sourceTree = "<group>"; };
		FA8D05401945884F00E91D7D /* StoreListCell.m */ = {isa = PBXFileReference; fileEncoding = 4; lastKnownFileType = sourcecode.c.objc; name = StoreListCell.m; path = View/StoreListView/StoreListCell.m; sourceTree = "<group>"; };
		FA8D05411945884F00E91D7D /* StoreListCell.xib */ = {isa = PBXFileReference; fileEncoding = 4; lastKnownFileType = file.xib; name = StoreListCell.xib; path = View/StoreListView/StoreListCell.xib; sourceTree = "<group>"; };
		FA8D05441945886E00E91D7D /* StoreListView.h */ = {isa = PBXFileReference; fileEncoding = 4; lastKnownFileType = sourcecode.c.h; name = StoreListView.h; path = View/StoreListView/StoreListView.h; sourceTree = "<group>"; };
		FA8D05451945886E00E91D7D /* StoreListView.m */ = {isa = PBXFileReference; fileEncoding = 4; lastKnownFileType = sourcecode.c.objc; name = StoreListView.m; path = View/StoreListView/StoreListView.m; sourceTree = "<group>"; };
		FAC559D219502AC600A68998 /* UserModel.h */ = {isa = PBXFileReference; fileEncoding = 4; lastKnownFileType = sourcecode.c.h; name = UserModel.h; path = Model/UserModel.h; sourceTree = "<group>"; };
		FAC559D319502AC600A68998 /* UserModel.m */ = {isa = PBXFileReference; fileEncoding = 4; lastKnownFileType = sourcecode.c.objc; name = UserModel.m; path = Model/UserModel.m; sourceTree = "<group>"; };
		FAC559D71950344900A68998 /* LoginViewController.h */ = {isa = PBXFileReference; fileEncoding = 4; lastKnownFileType = sourcecode.c.h; name = LoginViewController.h; path = ViewController/Login/LoginViewController.h; sourceTree = "<group>"; };
		FAC559D81950344900A68998 /* LoginViewController.m */ = {isa = PBXFileReference; fileEncoding = 4; lastKnownFileType = sourcecode.c.objc; name = LoginViewController.m; path = ViewController/Login/LoginViewController.m; sourceTree = "<group>"; };
		FAC559DA1950347400A68998 /* SignUpViewController.h */ = {isa = PBXFileReference; fileEncoding = 4; lastKnownFileType = sourcecode.c.h; name = SignUpViewController.h; path = ViewController/SignUp/SignUpViewController.h; sourceTree = "<group>"; };
		FAC559DB1950347400A68998 /* SignUpViewController.m */ = {isa = PBXFileReference; fileEncoding = 4; lastKnownFileType = sourcecode.c.objc; name = SignUpViewController.m; path = ViewController/SignUp/SignUpViewController.m; sourceTree = "<group>"; };
		FAC99064193EC58E0009263E /* loadding.png */ = {isa = PBXFileReference; lastKnownFileType = image.png; path = loadding.png; sourceTree = "<group>"; };
		FAC99069193ED2020009263E /* YZBIbeaconManager.h */ = {isa = PBXFileReference; fileEncoding = 4; lastKnownFileType = sourcecode.c.h; name = YZBIbeaconManager.h; path = BeaconManager/YZBIbeaconManager.h; sourceTree = "<group>"; };
		FAC9906A193ED2020009263E /* YZBIbeaconManager.m */ = {isa = PBXFileReference; fileEncoding = 4; lastKnownFileType = sourcecode.c.objc; name = YZBIbeaconManager.m; path = BeaconManager/YZBIbeaconManager.m; sourceTree = "<group>"; };
		FAC9906D193F195B0009263E /* YZBAPI.h */ = {isa = PBXFileReference; fileEncoding = 4; lastKnownFileType = sourcecode.c.h; name = YZBAPI.h; path = API/YZBAPI/YZBAPI.h; sourceTree = "<group>"; };
		FAC9906E193F195B0009263E /* YZBAPI.m */ = {isa = PBXFileReference; fileEncoding = 4; lastKnownFileType = sourcecode.c.objc; name = YZBAPI.m; path = API/YZBAPI/YZBAPI.m; sourceTree = "<group>"; };
		FAC99073193F1F680009263E /* StoreModel.h */ = {isa = PBXFileReference; fileEncoding = 4; lastKnownFileType = sourcecode.c.h; name = StoreModel.h; path = Model/StoreModel.h; sourceTree = "<group>"; };
		FAC99074193F1F680009263E /* StoreModel.m */ = {isa = PBXFileReference; fileEncoding = 4; lastKnownFileType = sourcecode.c.objc; name = StoreModel.m; path = Model/StoreModel.m; sourceTree = "<group>"; };
		FAC99076193F7AEA0009263E /* YZBAPIHelper.h */ = {isa = PBXFileReference; fileEncoding = 4; lastKnownFileType = sourcecode.c.h; name = YZBAPIHelper.h; path = API/APIHelper/YZBAPIHelper.h; sourceTree = "<group>"; };
		FAC99077193F7AEA0009263E /* YZBAPIHelper.m */ = {isa = PBXFileReference; fileEncoding = 4; lastKnownFileType = sourcecode.c.objc; name = YZBAPIHelper.m; path = API/APIHelper/YZBAPIHelper.m; sourceTree = "<group>"; };
		FAE74AB7193EB7E2004EE1F2 /* RWTSidebarViewController.h */ = {isa = PBXFileReference; fileEncoding = 4; lastKnownFileType = sourcecode.c.h; path = RWTSidebarViewController.h; sourceTree = "<group>"; };
		FAE74AB8193EB7E2004EE1F2 /* RWTSidebarViewController.m */ = {isa = PBXFileReference; fileEncoding = 4; lastKnownFileType = sourcecode.c.objc; path = RWTSidebarViewController.m; sourceTree = "<group>"; };
		FAE74ABA193EB909004EE1F2 /* YZBMainViewController.h */ = {isa = PBXFileReference; fileEncoding = 4; lastKnownFileType = sourcecode.c.h; name = YZBMainViewController.h; path = ViewController/Main/YZBMainViewController.h; sourceTree = "<group>"; };
		FAE74ABB193EB909004EE1F2 /* YZBMainViewController.m */ = {isa = PBXFileReference; fileEncoding = 4; lastKnownFileType = sourcecode.c.objc; name = YZBMainViewController.m; path = ViewController/Main/YZBMainViewController.m; sourceTree = "<group>"; };
		FAE74ABE193EB961004EE1F2 /* YZBMenuViewController.h */ = {isa = PBXFileReference; fileEncoding = 4; lastKnownFileType = sourcecode.c.h; name = YZBMenuViewController.h; path = ViewController/Menu/YZBMenuViewController.h; sourceTree = "<group>"; };
		FAE74ABF193EB961004EE1F2 /* YZBMenuViewController.m */ = {isa = PBXFileReference; fileEncoding = 4; lastKnownFileType = sourcecode.c.objc; name = YZBMenuViewController.m; path = ViewController/Menu/YZBMenuViewController.m; sourceTree = "<group>"; };
		FAF47864194E8B3900560515 /* CoreData.framework */ = {isa = PBXFileReference; lastKnownFileType = wrapper.framework; name = CoreData.framework; path = System/Library/Frameworks/CoreData.framework; sourceTree = SDKROOT; };
		FE52B192B6AA47BD9ACEA379 /* Pods.xcconfig */ = {isa = PBXFileReference; includeInIndex = 1; lastKnownFileType = text.xcconfig; name = Pods.xcconfig; path = Pods/Pods.xcconfig; sourceTree = "<group>"; };
/* End PBXFileReference section */

/* Begin PBXFrameworksBuildPhase section */
		849C0DFF193CD0420005F83D /* Frameworks */ = {
			isa = PBXFrameworksBuildPhase;
			buildActionMask = 2147483647;
			files = (
				FAF47865194E8B3900560515 /* CoreData.framework in Frameworks */,
				FA8D04FF19414DA900E91D7D /* CoreBluetooth.framework in Frameworks */,
				FA8D04FD19414D9600E91D7D /* CoreLocation.framework in Frameworks */,
				849C0E08193CD0420005F83D /* CoreGraphics.framework in Frameworks */,
				849C0E0A193CD0420005F83D /* UIKit.framework in Frameworks */,
				849C0E06193CD0420005F83D /* Foundation.framework in Frameworks */,
				082322630CE343DD91AA99C4 /* libPods.a in Frameworks */,
			);
			runOnlyForDeploymentPostprocessing = 0;
		};
		849C0E20193CD0420005F83D /* Frameworks */ = {
			isa = PBXFrameworksBuildPhase;
			buildActionMask = 2147483647;
			files = (
				849C0E25193CD0420005F83D /* XCTest.framework in Frameworks */,
				849C0E27193CD0420005F83D /* UIKit.framework in Frameworks */,
				849C0E26193CD0420005F83D /* Foundation.framework in Frameworks */,
			);
			runOnlyForDeploymentPostprocessing = 0;
		};
/* End PBXFrameworksBuildPhase section */

/* Begin PBXGroup section */
		849C0DF9193CD0420005F83D = {
			isa = PBXGroup;
			children = (
				849C0E0B193CD0420005F83D /* IBeacon */,
				849C0E2A193CD0420005F83D /* IBeaconTests */,
				849C0E04193CD0420005F83D /* Frameworks */,
				849C0E03193CD0420005F83D /* Products */,
				FE52B192B6AA47BD9ACEA379 /* Pods.xcconfig */,
			);
			sourceTree = "<group>";
		};
		849C0E03193CD0420005F83D /* Products */ = {
			isa = PBXGroup;
			children = (
				849C0E02193CD0420005F83D /* IBeacon.app */,
				849C0E23193CD0420005F83D /* IBeaconTests.xctest */,
			);
			name = Products;
			sourceTree = "<group>";
		};
		849C0E04193CD0420005F83D /* Frameworks */ = {
			isa = PBXGroup;
			children = (
				FAF47864194E8B3900560515 /* CoreData.framework */,
				FA8D04FE19414DA900E91D7D /* CoreBluetooth.framework */,
				FA8D04FC19414D9600E91D7D /* CoreLocation.framework */,
				849C0E05193CD0420005F83D /* Foundation.framework */,
				849C0E07193CD0420005F83D /* CoreGraphics.framework */,
				849C0E09193CD0420005F83D /* UIKit.framework */,
				849C0E24193CD0420005F83D /* XCTest.framework */,
				4B03F555F90C4A38B17CA65E /* libPods.a */,
			);
			name = Frameworks;
			sourceTree = "<group>";
		};
		849C0E0B193CD0420005F83D /* IBeacon */ = {
			isa = PBXGroup;
			children = (
				FA8D050119415FAB00E91D7D /* Utilities */,
				FAC9906C193F192F0009263E /* API */,
				FAC99068193ED1B80009263E /* BeaconManager */,
				FAC99067193ED1B30009263E /* View */,
				FAC99066193ED1AC0009263E /* Model */,
				FAE74AB3193EB3D3004EE1F2 /* ViewController */,
				849C0E14193CD0420005F83D /* AppDelegate.h */,
				849C0E15193CD0420005F83D /* AppDelegate.m */,
				849C0E17193CD0420005F83D /* Main.storyboard */,
				849C0E1A193CD0420005F83D /* ViewController.h */,
				849C0E1B193CD0420005F83D /* ViewController.m */,
				849C0E1D193CD0420005F83D /* Images.xcassets */,
				849C0E0C193CD0420005F83D /* Supporting Files */,
			);
			path = IBeacon;
			sourceTree = "<group>";
		};
		849C0E0C193CD0420005F83D /* Supporting Files */ = {
			isa = PBXGroup;
			children = (
				FAC99063193EC5750009263E /* Resources */,
				849C0E0D193CD0420005F83D /* IBeacon-Info.plist */,
				849C0E0E193CD0420005F83D /* InfoPlist.strings */,
				849C0E11193CD0420005F83D /* main.m */,
				849C0E13193CD0420005F83D /* IBeacon-Prefix.pch */,
			);
			name = "Supporting Files";
			sourceTree = "<group>";
		};
		849C0E2A193CD0420005F83D /* IBeaconTests */ = {
			isa = PBXGroup;
			children = (
				849C0E30193CD0420005F83D /* IBeaconTests.m */,
				849C0E2B193CD0420005F83D /* Supporting Files */,
			);
			path = IBeaconTests;
			sourceTree = "<group>";
		};
		849C0E2B193CD0420005F83D /* Supporting Files */ = {
			isa = PBXGroup;
			children = (
				849C0E2C193CD0420005F83D /* IBeaconTests-Info.plist */,
				849C0E2D193CD0420005F83D /* InfoPlist.strings */,
			);
			name = "Supporting Files";
			sourceTree = "<group>";
		};
		FA8D050119415FAB00E91D7D /* Utilities */ = {
			isa = PBXGroup;
			children = (
				FA8D05051941600400E91D7D /* NSString_RegEx.h */,
				FA8D05061941600400E91D7D /* NSString_RegEx.m */,
				FA8D05071941600400E91D7D /* SQC_StringUtility.h */,
				FA8D05081941600400E91D7D /* SQC_StringUtility.m */,
			);
			path = Utilities;
			sourceTree = "<group>";
		};
		FA8D053B1945826300E91D7D /* StoreListView */ = {
			isa = PBXGroup;
			children = (
				FA8D05441945886E00E91D7D /* StoreListView.h */,
				FA8D05451945886E00E91D7D /* StoreListView.m */,
				FA8D053F1945884F00E91D7D /* StoreListCell.h */,
				FA8D05401945884F00E91D7D /* StoreListCell.m */,
				FA8D05411945884F00E91D7D /* StoreListCell.xib */,
			);
			name = StoreListView;
			sourceTree = "<group>";
		};
		FAC559D51950341500A68998 /* Login */ = {
			isa = PBXGroup;
			children = (
				FAC559D71950344900A68998 /* LoginViewController.h */,
				FAC559D81950344900A68998 /* LoginViewController.m */,
			);
			name = Login;
			sourceTree = "<group>";
		};
		FAC559D61950342300A68998 /* SignUp */ = {
			isa = PBXGroup;
			children = (
				FAC559DA1950347400A68998 /* SignUpViewController.h */,
				FAC559DB1950347400A68998 /* SignUpViewController.m */,
			);
			name = SignUp;
			sourceTree = "<group>";
		};
		FAC99063193EC5750009263E /* Resources */ = {
			isa = PBXGroup;
			children = (
				FA12C14519498F6700618C12 /* icon.png */,
				8488C91619469D8B0067D6FA /* icon_about.png */,
				FA3A3BB1194951EC009EAF33 /* swift.png */,
				FA3A3BAD1949492C009EAF33 /* firstArrow.png */,
				FA3A3BAE1949492C009EAF33 /* secondArrow.png */,
				8488C91719469D8B0067D6FA /* icon_about@2x.png */,
				8488C91819469D8B0067D6FA /* icon_feedback.png */,
				8488C91919469D8B0067D6FA /* icon_feedback@2x.png */,
				8488C91A19469D8B0067D6FA /* icon_logout.png */,
				8488C91B19469D8B0067D6FA /* icon_logout@2x.png */,
				8488C91C19469D8B0067D6FA /* icon_setting.png */,
				8488C91D19469D8B0067D6FA /* icon_setting@2x.png */,
				8488C91E19469D8B0067D6FA /* icon_update.png */,
				8488C91F19469D8B0067D6FA /* icon_update@2x.png */,
				8488C92019469D8B0067D6FA /* msglist_face.png */,
				8488C92119469D8B0067D6FA /* msglist_face@2x.png */,
				8488C92219469D8B0067D6FA /* msglist_tab_arrow.png */,
				8488C92319469D8B0067D6FA /* msglist_tab_arrow@2x.png */,
				8488C92419469D8B0067D6FA /* msglist_tab1.png */,
				8488C92519469D8B0067D6FA /* msglist_tab1@2x.png */,
				8488C92619469D8B0067D6FA /* msglist_tab2.png */,
				8488C92719469D8B0067D6FA /* msglist_tab2@2x.png */,
				8488C92819469D8B0067D6FA /* photo_mask.png */,
				8488C92919469D8B0067D6FA /* photo_mask@2x.png */,
				FA8D050B1943586E00E91D7D /* btn_down_normal.png */,
				FA8D050C1943586E00E91D7D /* btn_down_normal@2x.png */,
				FA8D050D1943586E00E91D7D /* btn_down_pressed.png */,
				FA8D050E1943586E00E91D7D /* btn_down_pressed@2x.png */,
				FA8D050F1943586E00E91D7D /* btn_favorite_normal.png */,
				FA8D05101943586E00E91D7D /* btn_favorite_normal@2x.png */,
				FA8D05111943586E00E91D7D /* btn_favorite_pressed.png */,
				FA8D05121943586E00E91D7D /* btn_favorite_pressed@2x.png */,
				FA8D05131943586E00E91D7D /* btn_msglist_normal.png */,
				FA8D05141943586E00E91D7D /* btn_msglist_normal@2x.png */,
				FA8D05151943586E00E91D7D /* btn_msglist_pressed.png */,
				FA8D05161943586E00E91D7D /* btn_msglist_pressed@2x.png */,
				FA8D05171943586E00E91D7D /* btn_setting_normal.png */,
				FA8D05181943586E00E91D7D /* btn_setting_normal@2x.png */,
				FA8D05191943586E00E91D7D /* btn_setting_pressed.png */,
				FA8D051A1943586E00E91D7D /* btn_setting_pressed@2x.png */,
				FA8D051B1943586E00E91D7D /* main_background.png */,
				FA8D051C1943586E00E91D7D /* main_background@2x.png */,
				FA8D051D1943586E00E91D7D /* main_circle.png */,
				FA8D051E1943586E00E91D7D /* main_circle@2x.png */,
				FA8D051F1943586E00E91D7D /* main_logo.png */,
				FA8D05201943586E00E91D7D /* main_logo@2x.png */,
				FA8D05211943586E00E91D7D /* revolve.png */,
				FA8D05221943586E00E91D7D /* revolve@2x.png */,
				FAC99064193EC58E0009263E /* loadding.png */,
			);
			path = Resources;
			sourceTree = "<group>";
		};
		FAC99066193ED1AC0009263E /* Model */ = {
			isa = PBXGroup;
			children = (
				FAC559D219502AC600A68998 /* UserModel.h */,
				FAC559D319502AC600A68998 /* UserModel.m */,
				FAC99073193F1F680009263E /* StoreModel.h */,
				FAC99074193F1F680009263E /* StoreModel.m */,
				FA12C1471949A76400618C12 /* SingleDataManager.h */,
				FA12C1481949A76400618C12 /* SingleDataManager.m */,
			);
			name = Model;
			sourceTree = "<group>";
		};
		FAC99067193ED1B30009263E /* View */ = {
			isa = PBXGroup;
			children = (
				FA8D053B1945826300E91D7D /* StoreListView */,
			);
			name = View;
			sourceTree = "<group>";
		};
		FAC99068193ED1B80009263E /* BeaconManager */ = {
			isa = PBXGroup;
			children = (
				FAC99069193ED2020009263E /* YZBIbeaconManager.h */,
				FAC9906A193ED2020009263E /* YZBIbeaconManager.m */,
			);
			name = BeaconManager;
			sourceTree = "<group>";
		};
		FAC9906C193F192F0009263E /* API */ = {
			isa = PBXGroup;
			children = (
				FAC9906D193F195B0009263E /* YZBAPI.h */,
				FAC9906E193F195B0009263E /* YZBAPI.m */,
				FAC99076193F7AEA0009263E /* YZBAPIHelper.h */,
				FAC99077193F7AEA0009263E /* YZBAPIHelper.m */,
			);
			name = API;
			sourceTree = "<group>";
		};
		FAE74AB3193EB3D3004EE1F2 /* ViewController */ = {
			isa = PBXGroup;
			children = (
				FAC559D61950342300A68998 /* SignUp */,
				FAC559D51950341500A68998 /* Login */,
				FAE74AB4193EB3DC004EE1F2 /* Main */,
				FAE74ABD193EB947004EE1F2 /* Menu */,
				FAE74AB6193EB7CC004EE1F2 /* SideBar */,
			);
			name = ViewController;
			sourceTree = "<group>";
		};
		FAE74AB4193EB3DC004EE1F2 /* Main */ = {
			isa = PBXGroup;
			children = (
				FAE74ABA193EB909004EE1F2 /* YZBMainViewController.h */,
				FAE74ABB193EB909004EE1F2 /* YZBMainViewController.m */,
			);
			name = Main;
			sourceTree = "<group>";
		};
		FAE74AB6193EB7CC004EE1F2 /* SideBar */ = {
			isa = PBXGroup;
			children = (
				FAE74AB7193EB7E2004EE1F2 /* RWTSidebarViewController.h */,
				FAE74AB8193EB7E2004EE1F2 /* RWTSidebarViewController.m */,
			);
			name = SideBar;
			path = ViewController/SideBar;
			sourceTree = "<group>";
		};
		FAE74ABD193EB947004EE1F2 /* Menu */ = {
			isa = PBXGroup;
			children = (
				FAE74ABE193EB961004EE1F2 /* YZBMenuViewController.h */,
				FAE74ABF193EB961004EE1F2 /* YZBMenuViewController.m */,
			);
			name = Menu;
			sourceTree = "<group>";
		};
/* End PBXGroup section */

/* Begin PBXNativeTarget section */
		849C0E01193CD0420005F83D /* IBeacon */ = {
			isa = PBXNativeTarget;
			buildConfigurationList = 849C0E34193CD0420005F83D /* Build configuration list for PBXNativeTarget "IBeacon" */;
			buildPhases = (
				6E866DAF8D8A4C3A8CD62E31 /* Check Pods Manifest.lock */,
				849C0DFE193CD0420005F83D /* Sources */,
				849C0DFF193CD0420005F83D /* Frameworks */,
				849C0E00193CD0420005F83D /* Resources */,
				BD6F532C9B43437C96EDEE63 /* Copy Pods Resources */,
			);
			buildRules = (
			);
			dependencies = (
			);
			name = IBeacon;
			productName = IBeacon;
			productReference = 849C0E02193CD0420005F83D /* IBeacon.app */;
			productType = "com.apple.product-type.application";
		};
		849C0E22193CD0420005F83D /* IBeaconTests */ = {
			isa = PBXNativeTarget;
			buildConfigurationList = 849C0E37193CD0420005F83D /* Build configuration list for PBXNativeTarget "IBeaconTests" */;
			buildPhases = (
				849C0E1F193CD0420005F83D /* Sources */,
				849C0E20193CD0420005F83D /* Frameworks */,
				849C0E21193CD0420005F83D /* Resources */,
			);
			buildRules = (
			);
			dependencies = (
				849C0E29193CD0420005F83D /* PBXTargetDependency */,
			);
			name = IBeaconTests;
			productName = IBeaconTests;
			productReference = 849C0E23193CD0420005F83D /* IBeaconTests.xctest */;
			productType = "com.apple.product-type.bundle.unit-test";
		};
/* End PBXNativeTarget section */

/* Begin PBXProject section */
		849C0DFA193CD0420005F83D /* Project object */ = {
			isa = PBXProject;
			attributes = {
				LastUpgradeCheck = 0510;
				ORGANIZATIONNAME = YZB;
				TargetAttributes = {
					849C0E01193CD0420005F83D = {
						DevelopmentTeam = H8YVRCMDL9;
					};
					849C0E22193CD0420005F83D = {
						TestTargetID = 849C0E01193CD0420005F83D;
					};
				};
			};
			buildConfigurationList = 849C0DFD193CD0420005F83D /* Build configuration list for PBXProject "IBeacon" */;
			compatibilityVersion = "Xcode 3.2";
			developmentRegion = English;
			hasScannedForEncodings = 0;
			knownRegions = (
				en,
				Base,
			);
			mainGroup = 849C0DF9193CD0420005F83D;
			productRefGroup = 849C0E03193CD0420005F83D /* Products */;
			projectDirPath = "";
			projectRoot = "";
			targets = (
				849C0E01193CD0420005F83D /* IBeacon */,
				849C0E22193CD0420005F83D /* IBeaconTests */,
			);
		};
/* End PBXProject section */

/* Begin PBXResourcesBuildPhase section */
		849C0E00193CD0420005F83D /* Resources */ = {
			isa = PBXResourcesBuildPhase;
			buildActionMask = 2147483647;
			files = (
				FA8D052B1943586E00E91D7D /* btn_msglist_normal.png in Resources */,
				8488C93619469D8C0067D6FA /* msglist_tab_arrow.png in Resources */,
				8488C93019469D8C0067D6FA /* icon_setting.png in Resources */,
				8488C92F19469D8C0067D6FA /* icon_logout@2x.png in Resources */,
				FA3A3BAF1949492C009EAF33 /* firstArrow.png in Resources */,
				8488C93719469D8C0067D6FA /* msglist_tab_arrow@2x.png in Resources */,
				8488C93919469D8C0067D6FA /* msglist_tab1@2x.png in Resources */,
				8488C93C19469D8C0067D6FA /* photo_mask.png in Resources */,
				FA8D05301943586E00E91D7D /* btn_setting_normal@2x.png in Resources */,
				8488C93519469D8C0067D6FA /* msglist_face@2x.png in Resources */,
				FA8D05381943586E00E91D7D /* main_logo@2x.png in Resources */,
				FA3A3BB01949492C009EAF33 /* secondArrow.png in Resources */,
				FA8D052A1943586E00E91D7D /* btn_favorite_pressed@2x.png in Resources */,
				8488C93A19469D8C0067D6FA /* msglist_tab2.png in Resources */,
				8488C92E19469D8C0067D6FA /* icon_logout.png in Resources */,
				8488C93219469D8C0067D6FA /* icon_update.png in Resources */,
				FA8D052E1943586E00E91D7D /* btn_msglist_pressed@2x.png in Resources */,
				FA8D052C1943586E00E91D7D /* btn_msglist_normal@2x.png in Resources */,
				8488C92A19469D8C0067D6FA /* icon_about.png in Resources */,
				FA8D05331943586E00E91D7D /* main_background.png in Resources */,
				849C0E1E193CD0420005F83D /* Images.xcassets in Resources */,
				8488C93D19469D8C0067D6FA /* photo_mask@2x.png in Resources */,
				FA8D05271943586E00E91D7D /* btn_favorite_normal.png in Resources */,
				FA8D05231943586E00E91D7D /* btn_down_normal.png in Resources */,
				8488C92D19469D8C0067D6FA /* icon_feedback@2x.png in Resources */,
				FA8D05241943586E00E91D7D /* btn_down_normal@2x.png in Resources */,
				FAC99065193EC58E0009263E /* loadding.png in Resources */,
				8488C93B19469D8C0067D6FA /* msglist_tab2@2x.png in Resources */,
				FA8D05261943586E00E91D7D /* btn_down_pressed@2x.png in Resources */,
				FA8D05281943586E00E91D7D /* btn_favorite_normal@2x.png in Resources */,
				8488C93419469D8C0067D6FA /* msglist_face.png in Resources */,
				FA12C14619498F6700618C12 /* icon.png in Resources */,
				FA8D05361943586E00E91D7D /* main_circle@2x.png in Resources */,
				849C0E10193CD0420005F83D /* InfoPlist.strings in Resources */,
				8488C92C19469D8C0067D6FA /* icon_feedback.png in Resources */,
				FA8D05371943586E00E91D7D /* main_logo.png in Resources */,
				FA8D05391943586E00E91D7D /* revolve.png in Resources */,
				8488C93819469D8C0067D6FA /* msglist_tab1.png in Resources */,
				FA8D05321943586E00E91D7D /* btn_setting_pressed@2x.png in Resources */,
				FA8D05341943586E00E91D7D /* main_background@2x.png in Resources */,
				849C0E19193CD0420005F83D /* Main.storyboard in Resources */,
				8488C92B19469D8C0067D6FA /* icon_about@2x.png in Resources */,
				FA3A3BB2194951EC009EAF33 /* swift.png in Resources */,
				FA8D052D1943586E00E91D7D /* btn_msglist_pressed.png in Resources */,
				FA8D05431945884F00E91D7D /* StoreListCell.xib in Resources */,
				8488C93119469D8C0067D6FA /* icon_setting@2x.png in Resources */,
				FA8D053A1943586E00E91D7D /* revolve@2x.png in Resources */,
				FA8D05311943586E00E91D7D /* btn_setting_pressed.png in Resources */,
				FA8D05291943586E00E91D7D /* btn_favorite_pressed.png in Resources */,
				8488C93319469D8C0067D6FA /* icon_update@2x.png in Resources */,
				FA8D05351943586E00E91D7D /* main_circle.png in Resources */,
				FA8D052F1943586E00E91D7D /* btn_setting_normal.png in Resources */,
				FA8D05251943586E00E91D7D /* btn_down_pressed.png in Resources */,
			);
			runOnlyForDeploymentPostprocessing = 0;
		};
		849C0E21193CD0420005F83D /* Resources */ = {
			isa = PBXResourcesBuildPhase;
			buildActionMask = 2147483647;
			files = (
				849C0E2F193CD0420005F83D /* InfoPlist.strings in Resources */,
			);
			runOnlyForDeploymentPostprocessing = 0;
		};
/* End PBXResourcesBuildPhase section */

/* Begin PBXShellScriptBuildPhase section */
		6E866DAF8D8A4C3A8CD62E31 /* Check Pods Manifest.lock */ = {
			isa = PBXShellScriptBuildPhase;
			buildActionMask = 2147483647;
			files = (
			);
			inputPaths = (
			);
			name = "Check Pods Manifest.lock";
			outputPaths = (
			);
			runOnlyForDeploymentPostprocessing = 0;
			shellPath = /bin/sh;
			shellScript = "diff \"${PODS_ROOT}/../Podfile.lock\" \"${PODS_ROOT}/Manifest.lock\" > /dev/null\nif [[ $? != 0 ]] ; then\n    cat << EOM\nerror: The sandbox is not in sync with the Podfile.lock. Run 'pod install' or update your CocoaPods installation.\nEOM\n    exit 1\nfi\n";
			showEnvVarsInLog = 0;
		};
		BD6F532C9B43437C96EDEE63 /* Copy Pods Resources */ = {
			isa = PBXShellScriptBuildPhase;
			buildActionMask = 2147483647;
			files = (
			);
			inputPaths = (
			);
			name = "Copy Pods Resources";
			outputPaths = (
			);
			runOnlyForDeploymentPostprocessing = 0;
			shellPath = /bin/sh;
			shellScript = "\"${SRCROOT}/Pods/Pods-resources.sh\"\n";
			showEnvVarsInLog = 0;
		};
/* End PBXShellScriptBuildPhase section */

/* Begin PBXSourcesBuildPhase section */
		849C0DFE193CD0420005F83D /* Sources */ = {
			isa = PBXSourcesBuildPhase;
			buildActionMask = 2147483647;
			files = (
				FA8D05461945886E00E91D7D /* StoreListView.m in Sources */,
				FAC99078193F7AEA0009263E /* YZBAPIHelper.m in Sources */,
				FAC9906B193ED2020009263E /* YZBIbeaconManager.m in Sources */,
				FAE74AB9193EB7E2004EE1F2 /* RWTSidebarViewController.m in Sources */,
				FAC9906F193F195B0009263E /* YZBAPI.m in Sources */,
				FAE74ABC193EB909004EE1F2 /* YZBMainViewController.m in Sources */,
				FAC559D419502AC600A68998 /* UserModel.m in Sources */,
				FAC559D91950344900A68998 /* LoginViewController.m in Sources */,
				FAC559DC1950347400A68998 /* SignUpViewController.m in Sources */,
				FAC99075193F1F680009263E /* StoreModel.m in Sources */,
				849C0E1C193CD0420005F83D /* ViewController.m in Sources */,
				FA8D050A1941600400E91D7D /* SQC_StringUtility.m in Sources */,
				FA8D05091941600400E91D7D /* NSString_RegEx.m in Sources */,
				FA12C1491949A76400618C12 /* SingleDataManager.m in Sources */,
				FAE74AC0193EB961004EE1F2 /* YZBMenuViewController.m in Sources */,
				849C0E16193CD0420005F83D /* AppDelegate.m in Sources */,
				849C0E12193CD0420005F83D /* main.m in Sources */,
				FA8D05421945884F00E91D7D /* StoreListCell.m in Sources */,
			);
			runOnlyForDeploymentPostprocessing = 0;
		};
		849C0E1F193CD0420005F83D /* Sources */ = {
			isa = PBXSourcesBuildPhase;
			buildActionMask = 2147483647;
			files = (
				849C0E31193CD0420005F83D /* IBeaconTests.m in Sources */,
			);
			runOnlyForDeploymentPostprocessing = 0;
		};
/* End PBXSourcesBuildPhase section */

/* Begin PBXTargetDependency section */
		849C0E29193CD0420005F83D /* PBXTargetDependency */ = {
			isa = PBXTargetDependency;
			target = 849C0E01193CD0420005F83D /* IBeacon */;
			targetProxy = 849C0E28193CD0420005F83D /* PBXContainerItemProxy */;
		};
/* End PBXTargetDependency section */

/* Begin PBXVariantGroup section */
		849C0E0E193CD0420005F83D /* InfoPlist.strings */ = {
			isa = PBXVariantGroup;
			children = (
				849C0E0F193CD0420005F83D /* en */,
			);
			name = InfoPlist.strings;
			sourceTree = "<group>";
		};
		849C0E17193CD0420005F83D /* Main.storyboard */ = {
			isa = PBXVariantGroup;
			children = (
				849C0E18193CD0420005F83D /* Base */,
			);
			name = Main.storyboard;
			sourceTree = "<group>";
		};
		849C0E2D193CD0420005F83D /* InfoPlist.strings */ = {
			isa = PBXVariantGroup;
			children = (
				849C0E2E193CD0420005F83D /* en */,
			);
			name = InfoPlist.strings;
			sourceTree = "<group>";
		};
/* End PBXVariantGroup section */

/* Begin XCBuildConfiguration section */
		849C0E32193CD0420005F83D /* Debug */ = {
			isa = XCBuildConfiguration;
			buildSettings = {
				ALWAYS_SEARCH_USER_PATHS = NO;
				CLANG_CXX_LANGUAGE_STANDARD = "gnu++0x";
				CLANG_CXX_LIBRARY = "libc++";
				CLANG_ENABLE_MODULES = YES;
				CLANG_ENABLE_OBJC_ARC = YES;
				CLANG_WARN_BOOL_CONVERSION = YES;
				CLANG_WARN_CONSTANT_CONVERSION = YES;
				CLANG_WARN_DIRECT_OBJC_ISA_USAGE = YES_ERROR;
				CLANG_WARN_EMPTY_BODY = YES;
				CLANG_WARN_ENUM_CONVERSION = YES;
				CLANG_WARN_INT_CONVERSION = YES;
				CLANG_WARN_OBJC_ROOT_CLASS = YES_ERROR;
				CLANG_WARN__DUPLICATE_METHOD_MATCH = YES;
				"CODE_SIGN_IDENTITY[sdk=iphoneos*]" = "iPhone Developer";
				COPY_PHASE_STRIP = NO;
				GCC_C_LANGUAGE_STANDARD = gnu99;
				GCC_DYNAMIC_NO_PIC = NO;
				GCC_OPTIMIZATION_LEVEL = 0;
				GCC_PREPROCESSOR_DEFINITIONS = (
					"DEBUG=1",
					"$(inherited)",
				);
				GCC_SYMBOLS_PRIVATE_EXTERN = NO;
				GCC_WARN_64_TO_32_BIT_CONVERSION = YES;
				GCC_WARN_ABOUT_RETURN_TYPE = YES_ERROR;
				GCC_WARN_UNDECLARED_SELECTOR = YES;
				GCC_WARN_UNINITIALIZED_AUTOS = YES_AGGRESSIVE;
				GCC_WARN_UNUSED_FUNCTION = YES;
				GCC_WARN_UNUSED_VARIABLE = YES;
				IPHONEOS_DEPLOYMENT_TARGET = 7.1;
				ONLY_ACTIVE_ARCH = YES;
				SDKROOT = iphoneos;
			};
			name = Debug;
		};
		849C0E33193CD0420005F83D /* Release */ = {
			isa = XCBuildConfiguration;
			buildSettings = {
				ALWAYS_SEARCH_USER_PATHS = NO;
				CLANG_CXX_LANGUAGE_STANDARD = "gnu++0x";
				CLANG_CXX_LIBRARY = "libc++";
				CLANG_ENABLE_MODULES = YES;
				CLANG_ENABLE_OBJC_ARC = YES;
				CLANG_WARN_BOOL_CONVERSION = YES;
				CLANG_WARN_CONSTANT_CONVERSION = YES;
				CLANG_WARN_DIRECT_OBJC_ISA_USAGE = YES_ERROR;
				CLANG_WARN_EMPTY_BODY = YES;
				CLANG_WARN_ENUM_CONVERSION = YES;
				CLANG_WARN_INT_CONVERSION = YES;
				CLANG_WARN_OBJC_ROOT_CLASS = YES_ERROR;
				CLANG_WARN__DUPLICATE_METHOD_MATCH = YES;
				"CODE_SIGN_IDENTITY[sdk=iphoneos*]" = "iPhone Developer";
				COPY_PHASE_STRIP = YES;
				ENABLE_NS_ASSERTIONS = NO;
				GCC_C_LANGUAGE_STANDARD = gnu99;
				GCC_WARN_64_TO_32_BIT_CONVERSION = YES;
				GCC_WARN_ABOUT_RETURN_TYPE = YES_ERROR;
				GCC_WARN_UNDECLARED_SELECTOR = YES;
				GCC_WARN_UNINITIALIZED_AUTOS = YES_AGGRESSIVE;
				GCC_WARN_UNUSED_FUNCTION = YES;
				GCC_WARN_UNUSED_VARIABLE = YES;
				IPHONEOS_DEPLOYMENT_TARGET = 7.1;
				SDKROOT = iphoneos;
				VALIDATE_PRODUCT = YES;
			};
			name = Release;
		};
		849C0E35193CD0420005F83D /* Debug */ = {
			isa = XCBuildConfiguration;
			baseConfigurationReference = FE52B192B6AA47BD9ACEA379 /* Pods.xcconfig */;
			buildSettings = {
				ASSETCATALOG_COMPILER_APPICON_NAME = AppIcon;
				ASSETCATALOG_COMPILER_LAUNCHIMAGE_NAME = LaunchImage;
				CODE_SIGN_IDENTITY = "iPhone Developer";
				"CODE_SIGN_IDENTITY[sdk=iphoneos*]" = "iPhone Developer";
				GCC_PRECOMPILE_PREFIX_HEADER = YES;
				GCC_PREFIX_HEADER = "IBeacon/IBeacon-Prefix.pch";
				INFOPLIST_FILE = "IBeacon/IBeacon-Info.plist";
				PRODUCT_NAME = "$(TARGET_NAME)";
				PROVISIONING_PROFILE = "";
				WRAPPER_EXTENSION = app;
			};
			name = Debug;
		};
		849C0E36193CD0420005F83D /* Release */ = {
			isa = XCBuildConfiguration;
			baseConfigurationReference = FE52B192B6AA47BD9ACEA379 /* Pods.xcconfig */;
			buildSettings = {
				ASSETCATALOG_COMPILER_APPICON_NAME = AppIcon;
				ASSETCATALOG_COMPILER_LAUNCHIMAGE_NAME = LaunchImage;
				CODE_SIGN_IDENTITY = "iPhone Developer";
				"CODE_SIGN_IDENTITY[sdk=iphoneos*]" = "iPhone Developer";
				GCC_PRECOMPILE_PREFIX_HEADER = YES;
				GCC_PREFIX_HEADER = "IBeacon/IBeacon-Prefix.pch";
				INFOPLIST_FILE = "IBeacon/IBeacon-Info.plist";
				PRODUCT_NAME = "$(TARGET_NAME)";
				PROVISIONING_PROFILE = "";
				WRAPPER_EXTENSION = app;
			};
			name = Release;
		};
		849C0E38193CD0420005F83D /* Debug */ = {
			isa = XCBuildConfiguration;
			buildSettings = {
				BUNDLE_LOADER = "$(BUILT_PRODUCTS_DIR)/IBeacon.app/IBeacon";
				FRAMEWORK_SEARCH_PATHS = (
					"$(SDKROOT)/Developer/Library/Frameworks",
					"$(inherited)",
					"$(DEVELOPER_FRAMEWORKS_DIR)",
				);
				GCC_PRECOMPILE_PREFIX_HEADER = YES;
				GCC_PREFIX_HEADER = "IBeacon/IBeacon-Prefix.pch";
				GCC_PREPROCESSOR_DEFINITIONS = (
					"DEBUG=1",
					"$(inherited)",
				);
				INFOPLIST_FILE = "IBeaconTests/IBeaconTests-Info.plist";
				PRODUCT_NAME = "$(TARGET_NAME)";
				TEST_HOST = "$(BUNDLE_LOADER)";
				WRAPPER_EXTENSION = xctest;
			};
			name = Debug;
		};
		849C0E39193CD0420005F83D /* Release */ = {
			isa = XCBuildConfiguration;
			buildSettings = {
				BUNDLE_LOADER = "$(BUILT_PRODUCTS_DIR)/IBeacon.app/IBeacon";
				FRAMEWORK_SEARCH_PATHS = (
					"$(SDKROOT)/Developer/Library/Frameworks",
					"$(inherited)",
					"$(DEVELOPER_FRAMEWORKS_DIR)",
				);
				GCC_PRECOMPILE_PREFIX_HEADER = YES;
				GCC_PREFIX_HEADER = "IBeacon/IBeacon-Prefix.pch";
				INFOPLIST_FILE = "IBeaconTests/IBeaconTests-Info.plist";
				PRODUCT_NAME = "$(TARGET_NAME)";
				TEST_HOST = "$(BUNDLE_LOADER)";
				WRAPPER_EXTENSION = xctest;
			};
			name = Release;
		};
/* End XCBuildConfiguration section */

/* Begin XCConfigurationList section */
		849C0DFD193CD0420005F83D /* Build configuration list for PBXProject "IBeacon" */ = {
			isa = XCConfigurationList;
			buildConfigurations = (
				849C0E32193CD0420005F83D /* Debug */,
				849C0E33193CD0420005F83D /* Release */,
			);
			defaultConfigurationIsVisible = 0;
			defaultConfigurationName = Release;
		};
		849C0E34193CD0420005F83D /* Build configuration list for PBXNativeTarget "IBeacon" */ = {
			isa = XCConfigurationList;
			buildConfigurations = (
				849C0E35193CD0420005F83D /* Debug */,
				849C0E36193CD0420005F83D /* Release */,
			);
			defaultConfigurationIsVisible = 0;
			defaultConfigurationName = Release;
		};
		849C0E37193CD0420005F83D /* Build configuration list for PBXNativeTarget "IBeaconTests" */ = {
			isa = XCConfigurationList;
			buildConfigurations = (
				849C0E38193CD0420005F83D /* Debug */,
				849C0E39193CD0420005F83D /* Release */,
			);
			defaultConfigurationIsVisible = 0;
			defaultConfigurationName = Release;
		};
/* End XCConfigurationList section */
	};
	rootObject = 849C0DFA193CD0420005F83D /* Project object */;
}
